# THIS IS AN AUTOGENERATED FILE. DO NOT EDIT THIS FILE DIRECTLY.
# yarn lockfile v1


"@types/three@^0.93.30":
  version "0.93.30"
  resolved "https://registry.yarnpkg.com/@types/three/-/three-0.93.30.tgz#a1c51cb53936e45906586bdb3bfcc4e027e40960"
  integrity sha512-PKynehMvPQ7/Jmqnz4aFTaUHTmT2VAT8qPnHSaXq8TawXjmRIvAeI+84gsU9LwzRyMZ37z81qkJJdofjfhnysA==
